
Microsoft Visual Studio Solution File, Format Version 12.00
# Visual Studio Version 16
VisualStudioVersion = 16.0.31729.503
MinimumVisualStudioVersion = 10.0.40219.1
Project("{FAE04EC0-301F-11D3-BF4B-00C04F79EFBC}") = "betclic_test", "betclic_test\betclic_test.csproj", "{0B08B562-B142-41AA-9FBE-6A5E9083558D}"
EndProject
Project("{FAE04EC0-301F-11D3-BF4B-00C04F79EFBC}") = "betclic_test.test.unit", "betclic_test.test.unit\betclic_test.test.unit.csproj", "{96B00E8A-0E4E-48B4-9B01-555AF2C834CA}"
EndProject
Project("{FAE04EC0-301F-11D3-BF4B-00C04F79EFBC}") = "betclic_test.test.integration", "betclic_test.test.integration\betclic_test.test.integration.csproj", "{C728C5B9-13A7-4BB0-A18B-747F2DB1D81C}"
EndProject
Global
	GlobalSection(SolutionConfigurationPlatforms) = preSolution
		Debug|Any CPU = Debug|Any CPU
		Release|Any CPU = Release|Any CPU
	EndGlobalSection
	GlobalSection(ProjectConfigurationPlatforms) = postSolution
		{0B08B562-B142-41AA-9FBE-6A5E9083558D}.Debug|Any CPU.ActiveCfg = Debug|Any CPU
		{0B08B562-B142-41AA-9FBE-6A5E9083558D}.Debug|Any CPU.Build.0 = Debug|Any CPU
		{0B08B562-B142-41AA-9FBE-6A5E9083558D}.Release|Any CPU.ActiveCfg = Release|Any CPU
		{0B08B562-B142-41AA-9FBE-6A5E9083558D}.Release|Any CPU.Build.0 = Release|Any CPU
		{96B00E8A-0E4E-48B4-9B01-555AF2C834CA}.Debug|Any CPU.ActiveCfg = Debug|Any CPU
		{96B00E8A-0E4E-48B4-9B01-555AF2C834CA}.Debug|Any CPU.Build.0 = Debug|Any CPU
		{96B00E8A-0E4E-48B4-9B01-555AF2C834CA}.Release|Any CPU.ActiveCfg = Release|Any CPU
		{96B00E8A-0E4E-48B4-9B01-555AF2C834CA}.Release|Any CPU.Build.0 = Release|Any CPU
		{C728C5B9-13A7-4BB0-A18B-747F2DB1D81C}.Debug|Any CPU.ActiveCfg = Debug|Any CPU
		{C728C5B9-13A7-4BB0-A18B-747F2DB1D81C}.Debug|Any CPU.Build.0 = Debug|Any CPU
		{C728C5B9-13A7-4BB0-A18B-747F2DB1D81C}.Release|Any CPU.ActiveCfg = Release|Any CPU
		{C728C5B9-13A7-4BB0-A18B-747F2DB1D81C}.Release|Any CPU.Build.0 = Release|Any CPU
	EndGlobalSection
	GlobalSection(SolutionProperties) = preSolution
		HideSolutionNode = FALSE
	EndGlobalSection
	GlobalSection(ExtensibilityGlobals) = postSolution
		SolutionGuid = {D13B62EE-53AE-4F06-B5CB-781336B6C66B}
	EndGlobalSection
EndGlobal
